
Microsoft Visual Studio Solution File, Format Version 11.00
# Visual Studio 2010
Project("{8BC9CEB8-8B4A-11D0-8D11-00A0C91BC942}") = "lean", "lean\lean.vcxproj", "{E3806FF1-63DD-457C-8479-517C78134349}"
EndProject
Project("{8BC9CEB8-8B4A-11D0-8D11-00A0C91BC942}") = "pimpl_test", "pimpl_test\pimpl_test.vcxproj", "{AFEB4CB0-BA0A-4B5B-9ADD-EC14F37DABA9}"
	ProjectSection(ProjectDependencies) = postProject
		{E3806FF1-63DD-457C-8479-517C78134349} = {E3806FF1-63DD-457C-8479-517C78134349}
	EndProjectSection
EndProject
Project("{8BC9CEB8-8B4A-11D0-8D11-00A0C91BC942}") = "meta_test", "meta_test\meta_test.vcxproj", "{E504BDAE-EBBE-4DF8-92E9-06CADA3C5DB2}"
EndProject
Project("{8BC9CEB8-8B4A-11D0-8D11-00A0C91BC942}") = "smart_test", "smart_test\smart_test.vcxproj", "{68E0A00C-EF24-4377-878B-681FAE4870FB}"
EndProject
Project("{8BC9CEB8-8B4A-11D0-8D11-00A0C91BC942}") = "properties_test", "properties_test\properties_test.vcxproj", "{A11D6D64-1099-44BC-9844-13EF2F2DC55D}"
EndProject
Project("{8BC9CEB8-8B4A-11D0-8D11-00A0C91BC942}") = "asm_test", "asm_test\asm_test.vcxproj", "{ABEC2E8B-33FB-4A5D-99B0-F6BB67E4D134}"
EndProject
Project("{8BC9CEB8-8B4A-11D0-8D11-00A0C91BC942}") = "memory_test", "memory_test\memory_test.vcxproj", "{ED890171-1B12-44B7-AE48-306615A82BE7}"
EndProject
Project("{8BC9CEB8-8B4A-11D0-8D11-00A0C91BC942}") = "concurrent_test", "concurrent_test\concurrent_test.vcxproj", "{8F3B26A0-0B04-4286-90CF-462E0F92CB77}"
EndProject
Project("{8BC9CEB8-8B4A-11D0-8D11-00A0C91BC942}") = "containers_test", "containers_test\containers_test.vcxproj", "{14DDFB3D-BD5D-4303-ADAB-D186C01E3C7F}"
EndProject
Project("{8BC9CEB8-8B4A-11D0-8D11-00A0C91BC942}") = "io_log_test", "io_log_test\io_log_test.vcxproj", "{4063F6B3-F3B4-4FB3-90F1-F0CBDBA0A487}"
EndProject
Global
	GlobalSection(SolutionConfigurationPlatforms) = preSolution
		Debug|Win32 = Debug|Win32
		Release|Win32 = Release|Win32
	EndGlobalSection
	GlobalSection(ProjectConfigurationPlatforms) = postSolution
		{E3806FF1-63DD-457C-8479-517C78134349}.Debug|Win32.ActiveCfg = Debug|Win32
		{E3806FF1-63DD-457C-8479-517C78134349}.Debug|Win32.Build.0 = Debug|Win32
		{E3806FF1-63DD-457C-8479-517C78134349}.Release|Win32.ActiveCfg = Release|Win32
		{E3806FF1-63DD-457C-8479-517C78134349}.Release|Win32.Build.0 = Release|Win32
		{AFEB4CB0-BA0A-4B5B-9ADD-EC14F37DABA9}.Debug|Win32.ActiveCfg = Debug|Win32
		{AFEB4CB0-BA0A-4B5B-9ADD-EC14F37DABA9}.Debug|Win32.Build.0 = Debug|Win32
		{AFEB4CB0-BA0A-4B5B-9ADD-EC14F37DABA9}.Release|Win32.ActiveCfg = Release|Win32
		{AFEB4CB0-BA0A-4B5B-9ADD-EC14F37DABA9}.Release|Win32.Build.0 = Release|Win32
		{E504BDAE-EBBE-4DF8-92E9-06CADA3C5DB2}.Debug|Win32.ActiveCfg = Debug|Win32
		{E504BDAE-EBBE-4DF8-92E9-06CADA3C5DB2}.Debug|Win32.Build.0 = Debug|Win32
		{E504BDAE-EBBE-4DF8-92E9-06CADA3C5DB2}.Release|Win32.ActiveCfg = Release|Win32
		{E504BDAE-EBBE-4DF8-92E9-06CADA3C5DB2}.Release|Win32.Build.0 = Release|Win32
		{68E0A00C-EF24-4377-878B-681FAE4870FB}.Debug|Win32.ActiveCfg = Debug|Win32
		{68E0A00C-EF24-4377-878B-681FAE4870FB}.Debug|Win32.Build.0 = Debug|Win32
		{68E0A00C-EF24-4377-878B-681FAE4870FB}.Release|Win32.ActiveCfg = Release|Win32
		{68E0A00C-EF24-4377-878B-681FAE4870FB}.Release|Win32.Build.0 = Release|Win32
		{A11D6D64-1099-44BC-9844-13EF2F2DC55D}.Debug|Win32.ActiveCfg = Debug|Win32
		{A11D6D64-1099-44BC-9844-13EF2F2DC55D}.Debug|Win32.Build.0 = Debug|Win32
		{A11D6D64-1099-44BC-9844-13EF2F2DC55D}.Release|Win32.ActiveCfg = Release|Win32
		{A11D6D64-1099-44BC-9844-13EF2F2DC55D}.Release|Win32.Build.0 = Release|Win32
		{ABEC2E8B-33FB-4A5D-99B0-F6BB67E4D134}.Debug|Win32.ActiveCfg = Debug|Win32
		{ABEC2E8B-33FB-4A5D-99B0-F6BB67E4D134}.Debug|Win32.Build.0 = Debug|Win32
		{ABEC2E8B-33FB-4A5D-99B0-F6BB67E4D134}.Release|Win32.ActiveCfg = Release|Win32
		{ABEC2E8B-33FB-4A5D-99B0-F6BB67E4D134}.Release|Win32.Build.0 = Release|Win32
		{ED890171-1B12-44B7-AE48-306615A82BE7}.Debug|Win32.ActiveCfg = Debug|Win32
		{ED890171-1B12-44B7-AE48-306615A82BE7}.Debug|Win32.Build.0 = Debug|Win32
		{ED890171-1B12-44B7-AE48-306615A82BE7}.Release|Win32.ActiveCfg = Release|Win32
		{ED890171-1B12-44B7-AE48-306615A82BE7}.Release|Win32.Build.0 = Release|Win32
		{8F3B26A0-0B04-4286-90CF-462E0F92CB77}.Debug|Win32.ActiveCfg = Debug|Win32
		{8F3B26A0-0B04-4286-90CF-462E0F92CB77}.Debug|Win32.Build.0 = Debug|Win32
		{8F3B26A0-0B04-4286-90CF-462E0F92CB77}.Release|Win32.ActiveCfg = Release|Win32
		{8F3B26A0-0B04-4286-90CF-462E0F92CB77}.Release|Win32.Build.0 = Release|Win32
		{14DDFB3D-BD5D-4303-ADAB-D186C01E3C7F}.Debug|Win32.ActiveCfg = Debug|Win32
		{14DDFB3D-BD5D-4303-ADAB-D186C01E3C7F}.Debug|Win32.Build.0 = Debug|Win32
		{14DDFB3D-BD5D-4303-ADAB-D186C01E3C7F}.Release|Win32.ActiveCfg = Release|Win32
		{14DDFB3D-BD5D-4303-ADAB-D186C01E3C7F}.Release|Win32.Build.0 = Release|Win32
		{4063F6B3-F3B4-4FB3-90F1-F0CBDBA0A487}.Debug|Win32.ActiveCfg = Debug|Win32
		{4063F6B3-F3B4-4FB3-90F1-F0CBDBA0A487}.Debug|Win32.Build.0 = Debug|Win32
		{4063F6B3-F3B4-4FB3-90F1-F0CBDBA0A487}.Release|Win32.ActiveCfg = Release|Win32
		{4063F6B3-F3B4-4FB3-90F1-F0CBDBA0A487}.Release|Win32.Build.0 = Release|Win32
	EndGlobalSection
	GlobalSection(SolutionProperties) = preSolution
		HideSolutionNode = FALSE
	EndGlobalSection
EndGlobal
